
Microsoft Visual Studio Solution File, Format Version 12.00
# Visual Studio Version 17
VisualStudioVersion = 17.3.32901.215
MinimumVisualStudioVersion = 10.0.40219.1
Project("{9A19103F-16F7-4668-BE54-9A1E7A4F7556}") = "IdentityServer4Demo.WeatherApi", "IdentityServer4Demo.WeatherApi\IdentityServer4Demo.WeatherApi.csproj", "{4C3EC3A5-8BB7-4178-85C3-AC82A573056C}"
EndProject
Project("{9A19103F-16F7-4668-BE54-9A1E7A4F7556}") = "IdentityServer4Demo.TokenServer", "IdentityServer4Demo.TokenServer\IdentityServer4Demo.TokenServer.csproj", "{C90FF264-E2F4-4A63-A7D2-E2B854471430}"
EndProject
Project("{9A19103F-16F7-4668-BE54-9A1E7A4F7556}") = "IdentityServer6Demo.TokenServer", "IdentityServer6Demo.TokenServer\IdentityServer6Demo.TokenServer.csproj", "{4CD8ADB2-6EED-4A2F-B794-878FBF617F8A}"
EndProject
Project("{2150E333-8FDC-42A3-9474-1A3956D46DE8}") = "Solution Items", "Solution Items", "{1AC004A1-DA2F-48A7-828F-C43FEF1A4DEB}"
	ProjectSection(SolutionItems) = preProject
		Directory.Build.props = Directory.Build.props
		Directory.Packages.props = Directory.Packages.props
	EndProjectSection
EndProject
Global
	GlobalSection(SolutionConfigurationPlatforms) = preSolution
		Debug|Any CPU = Debug|Any CPU
		Release|Any CPU = Release|Any CPU
	EndGlobalSection
	GlobalSection(ProjectConfigurationPlatforms) = postSolution
		{4C3EC3A5-8BB7-4178-85C3-AC82A573056C}.Debug|Any CPU.ActiveCfg = Debug|Any CPU
		{4C3EC3A5-8BB7-4178-85C3-AC82A573056C}.Debug|Any CPU.Build.0 = Debug|Any CPU
		{4C3EC3A5-8BB7-4178-85C3-AC82A573056C}.Release|Any CPU.ActiveCfg = Release|Any CPU
		{4C3EC3A5-8BB7-4178-85C3-AC82A573056C}.Release|Any CPU.Build.0 = Release|Any CPU
		{C90FF264-E2F4-4A63-A7D2-E2B854471430}.Debug|Any CPU.ActiveCfg = Debug|Any CPU
		{C90FF264-E2F4-4A63-A7D2-E2B854471430}.Debug|Any CPU.Build.0 = Debug|Any CPU
		{C90FF264-E2F4-4A63-A7D2-E2B854471430}.Release|Any CPU.ActiveCfg = Release|Any CPU
		{C90FF264-E2F4-4A63-A7D2-E2B854471430}.Release|Any CPU.Build.0 = Release|Any CPU
		{4CD8ADB2-6EED-4A2F-B794-878FBF617F8A}.Debug|Any CPU.ActiveCfg = Debug|Any CPU
		{4CD8ADB2-6EED-4A2F-B794-878FBF617F8A}.Debug|Any CPU.Build.0 = Debug|Any CPU
		{4CD8ADB2-6EED-4A2F-B794-878FBF617F8A}.Release|Any CPU.ActiveCfg = Release|Any CPU
		{4CD8ADB2-6EED-4A2F-B794-878FBF617F8A}.Release|Any CPU.Build.0 = Release|Any CPU
	EndGlobalSection
	GlobalSection(SolutionProperties) = preSolution
		HideSolutionNode = FALSE
	EndGlobalSection
	GlobalSection(ExtensibilityGlobals) = postSolution
		SolutionGuid = {C4C8DF3E-28B8-401B-9B2D-CF2693CEA8D8}
	EndGlobalSection
EndGlobal
